lockfileVersion: '6.0'

settings:
  autoInstallPeers: true
  excludeLinksFromLockfile: false

dependencies:
  react-xml-parser:
    specifier: ^1.1.8
    version: 1.1.8
  react-xml-viewer:
    specifier: ^2.0.1
    version: 2.0.1(react-dom@18.2.0)(react@18.2.0)

packages:

  /fast-xml-parser@4.3.5:
    resolution: {integrity: sha512-sWvP1Pl8H03B8oFJpFR3HE31HUfwtX7Rlf9BNsvdpujD4n7WMhfmu8h9wOV2u+c1k0ZilTADhPqypzx2J690ZQ==}
    hasBin: true
    dependencies:
      strnum: 1.0.5
    dev: false

  /js-tokens@4.0.0:
    resolution: {integrity: sha512-RdJUflcE3cUzKiMqQgsCu06FPu9UdIJO0beYbPhHN4k6apgJtifcoCtT9bcxOpYBtpD2kCM6Sbzg4CausW/PKQ==}
    dev: false

  /lodash@4.17.21:
    resolution: {integrity: sha512-v2kDEe57lecTulaDIuNTPy3Ry4gLGJ6Z1O3vE1krgXZNrsQ+LFTGHVxVjcXPs17LhbZVGedAJv8XZ1tvj5FvSg==}
    dev: false

  /loose-envify@1.4.0:
    resolution: {integrity: sha512-lyuxPGr/Wfhrlem2CL/UcnUc1zcqKAImBDzukY7Y5F/yQiNdko6+fRLevlw1HgMySw7f611UIY408EtxRSoK3Q==}
    hasBin: true
    dependencies:
      js-tokens: 4.0.0
    dev: false

  /react-dom@18.2.0(react@18.2.0):
    resolution: {integrity: sha512-6IMTriUmvsjHUjNtEDudZfuDQUoWXVxKHhlEGSk81n4YFS+r/Kl99wXiwlVXtPBtJenozv2P+hxDsw9eA7Xo6g==}
    peerDependencies:
      react: ^18.2.0
    dependencies:
      loose-envify: 1.4.0
      react: 18.2.0
      scheduler: 0.23.0
    dev: false

  /react-xml-parser@1.1.8:
    resolution: {integrity: sha512-yX9k9LNCRzzNnFWoyo9cWEjtor6n6VD0Uh7z1ww5rIP6h5vdhJKEmowsm9RumEJMRdr7akcT4mMBScpsz573qQ==}
    dev: false

  /react-xml-viewer@2.0.1(react-dom@18.2.0)(react@18.2.0):
    resolution: {integrity: sha512-XMK4CXs9zu2gFBNHdyAo08YMwlbjyATY152RcZ9Eu2NUCsbomf+nZZQZySG80gtcaVE53pZXheEOZWvL0L/Cdw==}
    engines: {node: '>=12', npm: '>=5'}
    peerDependencies:
      react: '>= 16.8.4'
      react-dom: '>= 16.8.4'
    dependencies:
      fast-xml-parser: 4.3.5
      lodash: 4.17.21
      react: 18.2.0
      react-dom: 18.2.0(react@18.2.0)
    dev: false

  /react@18.2.0:
    resolution: {integrity: sha512-/3IjMdb2L9QbBdWiW5e3P2/npwMBaU9mHCSCUzNln0ZCYbcfTsGbTJrU/kGemdH2IWmB2ioZ+zkxtmq6g09fGQ==}
    engines: {node: '>=0.10.0'}
    dependencies:
      loose-envify: 1.4.0
    dev: false

  /scheduler@0.23.0:
    resolution: {integrity: sha512-CtuThmgHNg7zIZWAXi3AsyIzA3n4xx7aNyjwC2VJldO2LMVDhFK+63xGqq6CsJH4rTAt6/M+N4GhZiDYPx9eUw==}
    dependencies:
      loose-envify: 1.4.0
    dev: false

  /strnum@1.0.5:
    resolution: {integrity: sha512-J8bbNyKKXl5qYcR36TIO8W3mVGVHrmmxsd5PAItGkmyzwJvybiw2IVq5nqd0i4LSNSkB/sx9VHllbfFdr9k1JA==}
    dev: false
